%{
  "benchee": {:hex, :benchee, "0.12.0", "771e919505cbe399df5f49b8a21c56af5225542ca5c877e0baa0c503efb4e626", [], [{:deep_merge, "~> 0.1", [hex: :deep_merge, repo: "hexpm", optional: false]}], "hexpm"},
  "benchwarmer": {:hex, :benchwarmer, "0.0.2", "902e5c020608647b07c38b82103e4af6d2667dfd5d5d13c67382238de6943136", [], [], "hexpm"},
  "deep_merge": {:hex, :deep_merge, "0.1.1", "c27866a7524a337b6a039eeb8dd4f17d458fd40fbbcb8c54661b71a22fffe846", [], [], "hexpm"},
  "libgraph": {:hex, :libgraph, "0.12.0", "e837d552ab739cc42042ae67a9a5433ed6c383becec705a4010114e1b73c9a36", [], [], "hexpm"},
}
